// !$*UTF8*$!
{
	archiveVersion = 1;
	classes = {
	};
	objectVersion = 50;
	objects = {

/* Begin PBXBuildFile section */
		16C6CC5722ADAC5800F507D4 /* AppDelegate.swift in Sources */ = {isa = PBXBuildFile; fileRef = 16C6CC5622ADAC5800F507D4 /* AppDelegate.swift */; };
		16C6CC5922ADAC5800F507D4 /* ViewController.swift in Sources */ = {isa = PBXBuildFile; fileRef = 16C6CC5822ADAC5800F507D4 /* ViewController.swift */; };
		16C6CC5C22ADAC5800F507D4 /* Main.storyboard in Resources */ = {isa = PBXBuildFile; fileRef = 16C6CC5A22ADAC5800F507D4 /* Main.storyboard */; };
		16C6CC5F22ADAC5800F507D4 /* SpotifyTest.xcdatamodeld in Sources */ = {isa = PBXBuildFile; fileRef = 16C6CC5D22ADAC5800F507D4 /* SpotifyTest.xcdatamodeld */; };
		16C6CC6122ADAC5900F507D4 /* Assets.xcassets in Resources */ = {isa = PBXBuildFile; fileRef = 16C6CC6022ADAC5900F507D4 /* Assets.xcassets */; };
		16C6CC6422ADAC5900F507D4 /* LaunchScreen.storyboard in Resources */ = {isa = PBXBuildFile; fileRef = 16C6CC6222ADAC5900F507D4 /* LaunchScreen.storyboard */; };
		16C6CC6F22ADAC5900F507D4 /* SpotifyTestTests.swift in Sources */ = {isa = PBXBuildFile; fileRef = 16C6CC6E22ADAC5900F507D4 /* SpotifyTestTests.swift */; };
		16C6CC7A22ADAC5900F507D4 /* SpotifyTestUITests.swift in Sources */ = {isa = PBXBuildFile; fileRef = 16C6CC7922ADAC5900F507D4 /* SpotifyTestUITests.swift */; };
		16C6CC9722ADD59400F507D4 /* SpotifyiOS.framework in Frameworks */ = {isa = PBXBuildFile; fileRef = 16C6CC9622ADD59400F507D4 /* SpotifyiOS.framework */; };
		16C6CC9B22ADDFF600F507D4 /* SignInViewController.swift in Sources */ = {isa = PBXBuildFile; fileRef = 16C6CC9A22ADDFF600F507D4 /* SignInViewController.swift */; };
		16D85A6622B32D910048F37D /* ConnectButton.swift in Sources */ = {isa = PBXBuildFile; fileRef = 16D85A6522B32D910048F37D /* ConnectButton.swift */; };
/* End PBXBuildFile section */

/* Begin PBXContainerItemProxy section */
		16C6CC6B22ADAC5900F507D4 /* PBXContainerItemProxy */ = {
			isa = PBXContainerItemProxy;
			containerPortal = 16C6CC4B22ADAC5700F507D4 /* Project object */;
			proxyType = 1;
			remoteGlobalIDString = 16C6CC5222ADAC5800F507D4;
			remoteInfo = SpotifyTest;
		};
		16C6CC7622ADAC5900F507D4 /* PBXContainerItemProxy */ = {
			isa = PBXContainerItemProxy;
			containerPortal = 16C6CC4B22ADAC5700F507D4 /* Project object */;
			proxyType = 1;
			remoteGlobalIDString = 16C6CC5222ADAC5800F507D4;
			remoteInfo = SpotifyTest;
		};
/* End PBXContainerItemProxy section */

/* Begin PBXFileReference section */
		16C6CC5322ADAC5800F507D4 /* SpotifyTest.app */ = {isa = PBXFileReference; explicitFileType = wrapper.application; includeInIndex = 0; path = SpotifyTest.app; sourceTree = BUILT_PRODUCTS_DIR; };
		16C6CC5622ADAC5800F507D4 /* AppDelegate.swift */ = {isa = PBXFileReference; lastKnownFileType = sourcecode.swift; path = AppDelegate.swift; sourceTree = "<group>"; };
		16C6CC5822ADAC5800F507D4 /* ViewController.swift */ = {isa = PBXFileReference; lastKnownFileType = sourcecode.swift; path = ViewController.swift; sourceTree = "<group>"; };
		16C6CC5B22ADAC5800F507D4 /* Base */ = {isa = PBXFileReference; lastKnownFileType = file.storyboard; name = Base; path = Base.lproj/Main.storyboard; sourceTree = "<group>"; };
		16C6CC5E22ADAC5800F507D4 /* SpotifyTest.xcdatamodel */ = {isa = PBXFileReference; lastKnownFileType = wrapper.xcdatamodel; path = SpotifyTest.xcdatamodel; sourceTree = "<group>"; };
		16C6CC6022ADAC5900F507D4 /* Assets.xcassets */ = {isa = PBXFileReference; lastKnownFileType = folder.assetcatalog; path = Assets.xcassets; sourceTree = "<group>"; };
		16C6CC6322ADAC5900F507D4 /* Base */ = {isa = PBXFileReference; lastKnownFileType = file.storyboard; name = Base; path = Base.lproj/LaunchScreen.storyboard; sourceTree = "<group>"; };
		16C6CC6522ADAC5900F507D4 /* Info.plist */ = {isa = PBXFileReference; lastKnownFileType = text.plist.xml; path = Info.plist; sourceTree = "<group>"; };
		16C6CC6A22ADAC5900F507D4 /* SpotifyTestTests.xctest */ = {isa = PBXFileReference; explicitFileType = wrapper.cfbundle; includeInIndex = 0; path = SpotifyTestTests.xctest; sourceTree = BUILT_PRODUCTS_DIR; };
		16C6CC6E22ADAC5900F507D4 /* SpotifyTestTests.swift */ = {isa = PBXFileReference; lastKnownFileType = sourcecode.swift; path = SpotifyTestTests.swift; sourceTree = "<group>"; };
		16C6CC7022ADAC5900F507D4 /* Info.plist */ = {isa = PBXFileReference; lastKnownFileType = text.plist.xml; path = Info.plist; sourceTree = "<group>"; };
		16C6CC7522ADAC5900F507D4 /* SpotifyTestUITests.xctest */ = {isa = PBXFileReference; explicitFileType = wrapper.cfbundle; includeInIndex = 0; path = SpotifyTestUITests.xctest; sourceTree = BUILT_PRODUCTS_DIR; };
		16C6CC7922ADAC5900F507D4 /* SpotifyTestUITests.swift */ = {isa = PBXFileReference; lastKnownFileType = sourcecode.swift; path = SpotifyTestUITests.swift; sourceTree = "<group>"; };
		16C6CC7B22ADAC5900F507D4 /* Info.plist */ = {isa = PBXFileReference; lastKnownFileType = text.plist.xml; path = Info.plist; sourceTree = "<group>"; };
		16C6CC9022ADD23000F507D4 /* SpotifyTest-Bridging-Header.h */ = {isa = PBXFileReference; lastKnownFileType = sourcecode.c.h; path = "SpotifyTest-Bridging-Header.h"; sourceTree = "<group>"; };
		16C6CC9422ADD57F00F507D4 /* SpotifyiOS.framework */ = {isa = PBXFileReference; lastKnownFileType = wrapper.framework; name = SpotifyiOS.framework; path = "../../../Downloads/ios-sdk-1.0.2/SpotifyiOS.framework"; sourceTree = "<group>"; };
		16C6CC9622ADD59400F507D4 /* SpotifyiOS.framework */ = {isa = PBXFileReference; lastKnownFileType = wrapper.framework; name = SpotifyiOS.framework; path = SpotifyTest/SpotifyiOS.framework; sourceTree = "<group>"; };
		16C6CC9A22ADDFF600F507D4 /* SignInViewController.swift */ = {isa = PBXFileReference; lastKnownFileType = sourcecode.swift; path = SignInViewController.swift; sourceTree = "<group>"; };
		16D85A6522B32D910048F37D /* ConnectButton.swift */ = {isa = PBXFileReference; lastKnownFileType = sourcecode.swift; path = ConnectButton.swift; sourceTree = "<group>"; };
/* End PBXFileReference section */

/* Begin PBXFrameworksBuildPhase section */
		16C6CC5022ADAC5800F507D4 /* Frameworks */ = {
			isa = PBXFrameworksBuildPhase;
			buildActionMask = 2147483647;
			files = (
				16C6CC9722ADD59400F507D4 /* SpotifyiOS.framework in Frameworks */,
			);
			runOnlyForDeploymentPostprocessing = 0;
		};
		16C6CC6722ADAC5900F507D4 /* Frameworks */ = {
			isa = PBXFrameworksBuildPhase;
			buildActionMask = 2147483647;
			files = (
			);
			runOnlyForDeploymentPostprocessing = 0;
		};
		16C6CC7222ADAC5900F507D4 /* Frameworks */ = {
			isa = PBXFrameworksBuildPhase;
			buildActionMask = 2147483647;
			files = (
			);
			runOnlyForDeploymentPostprocessing = 0;
		};
/* End PBXFrameworksBuildPhase section */

/* Begin PBXGroup section */
		16C6CC4A22ADAC5700F507D4 = {
			isa = PBXGroup;
			children = (
				16C6CC9422ADD57F00F507D4 /* SpotifyiOS.framework */,
				16C6CC5522ADAC5800F507D4 /* SpotifyTest */,
				16C6CC6D22ADAC5900F507D4 /* SpotifyTestTests */,
				16C6CC7822ADAC5900F507D4 /* SpotifyTestUITests */,
				16C6CC5422ADAC5800F507D4 /* Products */,
				16C6CC9122ADD32300F507D4 /* Frameworks */,
			);
			sourceTree = "<group>";
		};
		16C6CC5422ADAC5800F507D4 /* Products */ = {
			isa = PBXGroup;
			children = (
				16C6CC5322ADAC5800F507D4 /* SpotifyTest.app */,
				16C6CC6A22ADAC5900F507D4 /* SpotifyTestTests.xctest */,
				16C6CC7522ADAC5900F507D4 /* SpotifyTestUITests.xctest */,
			);
			name = Products;
			sourceTree = "<group>";
		};
		16C6CC5522ADAC5800F507D4 /* SpotifyTest */ = {
			isa = PBXGroup;
			children = (
				16C6CC9022ADD23000F507D4 /* SpotifyTest-Bridging-Header.h */,
				16C6CC5622ADAC5800F507D4 /* AppDelegate.swift */,
				16C6CC5822ADAC5800F507D4 /* ViewController.swift */,
				16C6CC5A22ADAC5800F507D4 /* Main.storyboard */,
				16C6CC6022ADAC5900F507D4 /* Assets.xcassets */,
				16C6CC6222ADAC5900F507D4 /* LaunchScreen.storyboard */,
				16C6CC6522ADAC5900F507D4 /* Info.plist */,
				16C6CC5D22ADAC5800F507D4 /* SpotifyTest.xcdatamodeld */,
				16C6CC9A22ADDFF600F507D4 /* SignInViewController.swift */,
				16D85A6522B32D910048F37D /* ConnectButton.swift */,
			);
			path = SpotifyTest;
			sourceTree = "<group>";
		};
		16C6CC6D22ADAC5900F507D4 /* SpotifyTestTests */ = {
			isa = PBXGroup;
			children = (
				16C6CC6E22ADAC5900F507D4 /* SpotifyTestTests.swift */,
				16C6CC7022ADAC5900F507D4 /* Info.plist */,
			);
			path = SpotifyTestTests;
			sourceTree = "<group>";
		};
		16C6CC7822ADAC5900F507D4 /* SpotifyTestUITests */ = {
			isa = PBXGroup;
			children = (
				16C6CC7922ADAC5900F507D4 /* SpotifyTestUITests.swift */,
				16C6CC7B22ADAC5900F507D4 /* Info.plist */,
			);
			path = SpotifyTestUITests;
			sourceTree = "<group>";
		};
		16C6CC9122ADD32300F507D4 /* Frameworks */ = {
			isa = PBXGroup;
			children = (
				16C6CC9622ADD59400F507D4 /* SpotifyiOS.framework */,
			);
			name = Frameworks;
			sourceTree = "<group>";
		};
/* End PBXGroup section */

/* Begin PBXNativeTarget section */
		16C6CC5222ADAC5800F507D4 /* SpotifyTest */ = {
			isa = PBXNativeTarget;
			buildConfigurationList = 16C6CC7E22ADAC5900F507D4 /* Build configuration list for PBXNativeTarget "SpotifyTest" */;
			buildPhases = (
				16C6CC4F22ADAC5800F507D4 /* Sources */,
				16C6CC5022ADAC5800F507D4 /* Frameworks */,
				16C6CC5122ADAC5800F507D4 /* Resources */,
			);
			buildRules = (
			);
			dependencies = (
			);
			name = SpotifyTest;
			productName = SpotifyTest;
			productReference = 16C6CC5322ADAC5800F507D4 /* SpotifyTest.app */;
			productType = "com.apple.product-type.application";
		};
		16C6CC6922ADAC5900F507D4 /* SpotifyTestTests */ = {
			isa = PBXNativeTarget;
			buildConfigurationList = 16C6CC8122ADAC5900F507D4 /* Build configuration list for PBXNativeTarget "SpotifyTestTests" */;
			buildPhases = (
				16C6CC6622ADAC5900F507D4 /* Sources */,
				16C6CC6722ADAC5900F507D4 /* Frameworks */,
				16C6CC6822ADAC5900F507D4 /* Resources */,
			);
			buildRules = (
			);
			dependencies = (
				16C6CC6C22ADAC5900F507D4 /* PBXTargetDependency */,
			);
			name = SpotifyTestTests;
			productName = SpotifyTestTests;
			productReference = 16C6CC6A22ADAC5900F507D4 /* SpotifyTestTests.xctest */;
			productType = "com.apple.product-type.bundle.unit-test";
		};
		16C6CC7422ADAC5900F507D4 /* SpotifyTestUITests */ = {
			isa = PBXNativeTarget;
			buildConfigurationList = 16C6CC8422ADAC5900F507D4 /* Build configuration list for PBXNativeTarget "SpotifyTestUITests" */;
			buildPhases = (
				16C6CC7122ADAC5900F507D4 /* Sources */,
				16C6CC7222ADAC5900F507D4 /* Frameworks */,
				16C6CC7322ADAC5900F507D4 /* Resources */,
			);
			buildRules = (
			);
			dependencies = (
				16C6CC7722ADAC5900F507D4 /* PBXTargetDependency */,
			);
			name = SpotifyTestUITests;
			productName = SpotifyTestUITests;
			productReference = 16C6CC7522ADAC5900F507D4 /* SpotifyTestUITests.xctest */;
			productType = "com.apple.product-type.bundle.ui-testing";
		};
/* End PBXNativeTarget section */

/* Begin PBXProject section */
		16C6CC4B22ADAC5700F507D4 /* Project object */ = {
			isa = PBXProject;
			attributes = {
				LastSwiftUpdateCheck = 1010;
				LastUpgradeCheck = 1010;
				ORGANIZATIONNAME = "Julia Wopata";
				TargetAttributes = {
					16C6CC5222ADAC5800F507D4 = {
						CreatedOnToolsVersion = 10.1;
						LastSwiftMigration = 1010;
					};
					16C6CC6922ADAC5900F507D4 = {
						CreatedOnToolsVersion = 10.1;
						TestTargetID = 16C6CC5222ADAC5800F507D4;
					};
					16C6CC7422ADAC5900F507D4 = {
						CreatedOnToolsVersion = 10.1;
						TestTargetID = 16C6CC5222ADAC5800F507D4;
					};
				};
			};
			buildConfigurationList = 16C6CC4E22ADAC5700F507D4 /* Build configuration list for PBXProject "SpotifyTest" */;
			compatibilityVersion = "Xcode 9.3";
			developmentRegion = en;
			hasScannedForEncodings = 0;
			knownRegions = (
				en,
				Base,
			);
			mainGroup = 16C6CC4A22ADAC5700F507D4;
			productRefGroup = 16C6CC5422ADAC5800F507D4 /* Products */;
			projectDirPath = "";
			projectRoot = "";
			targets = (
				16C6CC5222ADAC5800F507D4 /* SpotifyTest */,
				16C6CC6922ADAC5900F507D4 /* SpotifyTestTests */,
				16C6CC7422ADAC5900F507D4 /* SpotifyTestUITests */,
			);
		};
/* End PBXProject section */

/* Begin PBXResourcesBuildPhase section */
		16C6CC5122ADAC5800F507D4 /* Resources */ = {
			isa = PBXResourcesBuildPhase;
			buildActionMask = 2147483647;
			files = (
				16C6CC6422ADAC5900F507D4 /* LaunchScreen.storyboard in Resources */,
				16C6CC6122ADAC5900F507D4 /* Assets.xcassets in Resources */,
				16C6CC5C22ADAC5800F507D4 /* Main.storyboard in Resources */,
			);
			runOnlyForDeploymentPostprocessing = 0;
		};
		16C6CC6822ADAC5900F507D4 /* Resources */ = {
			isa = PBXResourcesBuildPhase;
			buildActionMask = 2147483647;
			files = (
			);
			runOnlyForDeploymentPostprocessing = 0;
		};
		16C6CC7322ADAC5900F507D4 /* Resources */ = {
			isa = PBXResourcesBuildPhase;
			buildActionMask = 2147483647;
			files = (
			);
			runOnlyForDeploymentPostprocessing = 0;
		};
/* End PBXResourcesBuildPhase section */

/* Begin PBXSourcesBuildPhase section */
		16C6CC4F22ADAC5800F507D4 /* Sources */ = {
			isa = PBXSourcesBuildPhase;
			buildActionMask = 2147483647;
			files = (
				16D85A6622B32D910048F37D /* ConnectButton.swift in Sources */,
				16C6CC5F22ADAC5800F507D4 /* SpotifyTest.xcdatamodeld in Sources */,
				16C6CC5922ADAC5800F507D4 /* ViewController.swift in Sources */,
				16C6CC5722ADAC5800F507D4 /* AppDelegate.swift in Sources */,
				16C6CC9B22ADDFF600F507D4 /* SignInViewController.swift in Sources */,
			);
			runOnlyForDeploymentPostprocessing = 0;
		};
		16C6CC6622ADAC5900F507D4 /* Sources */ = {
			isa = PBXSourcesBuildPhase;
			buildActionMask = 2147483647;
			files = (
				16C6CC6F22ADAC5900F507D4 /* SpotifyTestTests.swift in Sources */,
			);
			runOnlyForDeploymentPostprocessing = 0;
		};
		16C6CC7122ADAC5900F507D4 /* Sources */ = {
			isa = PBXSourcesBuildPhase;
			buildActionMask = 2147483647;
			files = (
				16C6CC7A22ADAC5900F507D4 /* SpotifyTestUITests.swift in Sources */,
			);
			runOnlyForDeploymentPostprocessing = 0;
		};
/* End PBXSourcesBuildPhase section */

/* Begin PBXTargetDependency section */
		16C6CC6C22ADAC5900F507D4 /* PBXTargetDependency */ = {
			isa = PBXTargetDependency;
			target = 16C6CC5222ADAC5800F507D4 /* SpotifyTest */;
			targetProxy = 16C6CC6B22ADAC5900F507D4 /* PBXContainerItemProxy */;
		};
		16C6CC7722ADAC5900F507D4 /* PBXTargetDependency */ = {
			isa = PBXTargetDependency;
			target = 16C6CC5222ADAC5800F507D4 /* SpotifyTest */;
			targetProxy = 16C6CC7622ADAC5900F507D4 /* PBXContainerItemProxy */;
		};
/* End PBXTargetDependency section */

/* Begin PBXVariantGroup section */
		16C6CC5A22ADAC5800F507D4 /* Main.storyboard */ = {
			isa = PBXVariantGroup;
			children = (
				16C6CC5B22ADAC5800F507D4 /* Base */,
			);
			name = Main.storyboard;
			sourceTree = "<group>";
		};
		16C6CC6222ADAC5900F507D4 /* LaunchScreen.storyboard */ = {
			isa = PBXVariantGroup;
			children = (
				16C6CC6322ADAC5900F507D4 /* Base */,
			);
			name = LaunchScreen.storyboard;
			sourceTree = "<group>";
		};
/* End PBXVariantGroup section */

/* Begin XCBuildConfiguration section */
		16C6CC7C22ADAC5900F507D4 /* Debug */ = {
			isa = XCBuildConfiguration;
			buildSettings = {
				ALWAYS_SEARCH_USER_PATHS = NO;
				CLANG_ANALYZER_NONNULL = YES;
				CLANG_ANALYZER_NUMBER_OBJECT_CONVERSION = YES_AGGRESSIVE;
				CLANG_CXX_LANGUAGE_STANDARD = "gnu++14";
				CLANG_CXX_LIBRARY = "libc++";
				CLANG_ENABLE_MODULES = YES;
				CLANG_ENABLE_OBJC_ARC = YES;
				CLANG_ENABLE_OBJC_WEAK = YES;
				CLANG_WARN_BLOCK_CAPTURE_AUTORELEASING = YES;
				CLANG_WARN_BOOL_CONVERSION = YES;
				CLANG_WARN_COMMA = YES;
				CLANG_WARN_CONSTANT_CONVERSION = YES;
				CLANG_WARN_DEPRECATED_OBJC_IMPLEMENTATIONS = YES;
				CLANG_WARN_DIRECT_OBJC_ISA_USAGE = YES_ERROR;
				CLANG_WARN_DOCUMENTATION_COMMENTS = YES;
				CLANG_WARN_EMPTY_BODY = YES;
				CLANG_WARN_ENUM_CONVERSION = YES;
				CLANG_WARN_INFINITE_RECURSION = YES;
				CLANG_WARN_INT_CONVERSION = YES;
				CLANG_WARN_NON_LITERAL_NULL_CONVERSION = YES;
				CLANG_WARN_OBJC_IMPLICIT_RETAIN_SELF = YES;
				CLANG_WARN_OBJC_LITERAL_CONVERSION = YES;
				CLANG_WARN_OBJC_ROOT_CLASS = YES_ERROR;
				CLANG_WARN_RANGE_LOOP_ANALYSIS = YES;
				CLANG_WARN_STRICT_PROTOTYPES = YES;
				CLANG_WARN_SUSPICIOUS_MOVE = YES;
				CLANG_WARN_UNGUARDED_AVAILABILITY = YES_AGGRESSIVE;
				CLANG_WARN_UNREACHABLE_CODE = YES;
				CLANG_WARN__DUPLICATE_METHOD_MATCH = YES;
				CODE_SIGN_IDENTITY = "iPhone Developer";
				COPY_PHASE_STRIP = NO;
				DEBUG_INFORMATION_FORMAT = dwarf;
				ENABLE_STRICT_OBJC_MSGSEND = YES;
				ENABLE_TESTABILITY = YES;
				GCC_C_LANGUAGE_STANDARD = gnu11;
				GCC_DYNAMIC_NO_PIC = NO;
				GCC_NO_COMMON_BLOCKS = YES;
				GCC_OPTIMIZATION_LEVEL = 0;
				GCC_PREPROCESSOR_DEFINITIONS = (
					"DEBUG=1",
					"$(inherited)",
				);
				GCC_WARN_64_TO_32_BIT_CONVERSION = YES;
				GCC_WARN_ABOUT_RETURN_TYPE = YES_ERROR;
				GCC_WARN_UNDECLARED_SELECTOR = YES;
				GCC_WARN_UNINITIALIZED_AUTOS = YES_AGGRESSIVE;
				GCC_WARN_UNUSED_FUNCTION = YES;
				GCC_WARN_UNUSED_VARIABLE = YES;
				IPHONEOS_DEPLOYMENT_TARGET = 12.1;
				MTL_ENABLE_DEBUG_INFO = INCLUDE_SOURCE;
				MTL_FAST_MATH = YES;
				ONLY_ACTIVE_ARCH = YES;
				OTHER_LDFLAGS = "-ObjC";
				SDKROOT = iphoneos;
				SWIFT_ACTIVE_COMPILATION_CONDITIONS = DEBUG;
				SWIFT_OBJC_BRIDGING_HEADER = "SpotifyTest-Bridging-Header.h";
				SWIFT_OPTIMIZATION_LEVEL = "-Onone";
			};
			name = Debug;
		};
		16C6CC7D22ADAC5900F507D4 /* Release */ = {
			isa = XCBuildConfiguration;
			buildSettings = {
				ALWAYS_SEARCH_USER_PATHS = NO;
				CLANG_ANALYZER_NONNULL = YES;
				CLANG_ANALYZER_NUMBER_OBJECT_CONVERSION = YES_AGGRESSIVE;
				CLANG_CXX_LANGUAGE_STANDARD = "gnu++14";
				CLANG_CXX_LIBRARY = "libc++";
				CLANG_ENABLE_MODULES = YES;
				CLANG_ENABLE_OBJC_ARC = YES;
				CLANG_ENABLE_OBJC_WEAK = YES;
				CLANG_WARN_BLOCK_CAPTURE_AUTORELEASING = YES;
				CLANG_WARN_BOOL_CONVERSION = YES;
				CLANG_WARN_COMMA = YES;
				CLANG_WARN_CONSTANT_CONVERSION = YES;
				CLANG_WARN_DEPRECATED_OBJC_IMPLEMENTATIONS = YES;
				CLANG_WARN_DIRECT_OBJC_ISA_USAGE = YES_ERROR;
				CLANG_WARN_DOCUMENTATION_COMMENTS = YES;
				CLANG_WARN_EMPTY_BODY = YES;
				CLANG_WARN_ENUM_CONVERSION = YES;
				CLANG_WARN_INFINITE_RECURSION = YES;
				CLANG_WARN_INT_CONVERSION = YES;
				CLANG_WARN_NON_LITERAL_NULL_CONVERSION = YES;
				CLANG_WARN_OBJC_IMPLICIT_RETAIN_SELF = YES;
				CLANG_WARN_OBJC_LITERAL_CONVERSION = YES;
				CLANG_WARN_OBJC_ROOT_CLASS = YES_ERROR;
				CLANG_WARN_RANGE_LOOP_ANALYSIS = YES;
				CLANG_WARN_STRICT_PROTOTYPES = YES;
				CLANG_WARN_SUSPICIOUS_MOVE = YES;
				CLANG_WARN_UNGUARDED_AVAILABILITY = YES_AGGRESSIVE;
				CLANG_WARN_UNREACHABLE_CODE = YES;
				CLANG_WARN__DUPLICATE_METHOD_MATCH = YES;
				CODE_SIGN_IDENTITY = "iPhone Developer";
				COPY_PHASE_STRIP = NO;
				DEBUG_INFORMATION_FORMAT = "dwarf-with-dsym";
				ENABLE_NS_ASSERTIONS = NO;
				ENABLE_STRICT_OBJC_MSGSEND = YES;
				GCC_C_LANGUAGE_STANDARD = gnu11;
				GCC_NO_COMMON_BLOCKS = YES;
				GCC_WARN_64_TO_32_BIT_CONVERSION = YES;
				GCC_WARN_ABOUT_RETURN_TYPE = YES_ERROR;
				GCC_WARN_UNDECLARED_SELECTOR = YES;
				GCC_WARN_UNINITIALIZED_AUTOS = YES_AGGRESSIVE;
				GCC_WARN_UNUSED_FUNCTION = YES;
				GCC_WARN_UNUSED_VARIABLE = YES;
				IPHONEOS_DEPLOYMENT_TARGET = 12.1;
				MTL_ENABLE_DEBUG_INFO = NO;
				MTL_FAST_MATH = YES;
				OTHER_LDFLAGS = "-ObjC";
				SDKROOT = iphoneos;
				SWIFT_COMPILATION_MODE = wholemodule;
				SWIFT_OBJC_BRIDGING_HEADER = "SpotifyTest-Bridging-Header.h";
				SWIFT_OPTIMIZATION_LEVEL = "-O";
				VALIDATE_PRODUCT = YES;
			};
			name = Release;
		};
		16C6CC7F22ADAC5900F507D4 /* Debug */ = {
			isa = XCBuildConfiguration;
			buildSettings = {
				ASSETCATALOG_COMPILER_APPICON_NAME = AppIcon;
				CLANG_ENABLE_MODULES = YES;
				CODE_SIGN_STYLE = Automatic;
				DEVELOPMENT_TEAM = 8N7B9WP3WQ;
				FRAMEWORK_SEARCH_PATHS = (
					"$(inherited)",
					"$(PROJECT_DIR)/SpotifyTest",
				);
				INFOPLIST_FILE = SpotifyTest/Info.plist;
				LD_RUNPATH_SEARCH_PATHS = (
					"$(inherited)",
					"@executable_path/Frameworks",
				);
				PRODUCT_BUNDLE_IDENTIFIER = edu.missouri.SpotifyTest;
				PRODUCT_NAME = "$(TARGET_NAME)";
				SWIFT_OBJC_BRIDGING_HEADER = "SpotifyTest/SpotifyTest-Bridging-Header.h";
				SWIFT_OPTIMIZATION_LEVEL = "-Onone";
				SWIFT_VERSION = 4.2;
				TARGETED_DEVICE_FAMILY = "1,2";
			};
			name = Debug;
		};
		16C6CC8022ADAC5900F507D4 /* Release */ = {
			isa = XCBuildConfiguration;
			buildSettings = {
				ASSETCATALOG_COMPILER_APPICON_NAME = AppIcon;
				CLANG_ENABLE_MODULES = YES;
				CODE_SIGN_STYLE = Automatic;
				DEVELOPMENT_TEAM = 8N7B9WP3WQ;
				FRAMEWORK_SEARCH_PATHS = (
					"$(inherited)",
					"$(PROJECT_DIR)/SpotifyTest",
				);
				INFOPLIST_FILE = SpotifyTest/Info.plist;
				LD_RUNPATH_SEARCH_PATHS = (
					"$(inherited)",
					"@executable_path/Frameworks",
				);
				PRODUCT_BUNDLE_IDENTIFIER = edu.missouri.SpotifyTest;
				PRODUCT_NAME = "$(TARGET_NAME)";
				SWIFT_OBJC_BRIDGING_HEADER = "SpotifyTest/SpotifyTest-Bridging-Header.h";
				SWIFT_VERSION = 4.2;
				TARGETED_DEVICE_FAMILY = "1,2";
			};
			name = Release;
		};
		16C6CC8222ADAC5900F507D4 /* Debug */ = {
			isa = XCBuildConfiguration;
			buildSettings = {
				ALWAYS_EMBED_SWIFT_STANDARD_LIBRARIES = YES;
				BUNDLE_LOADER = "$(TEST_HOST)";
				CODE_SIGN_STYLE = Automatic;
				DEVELOPMENT_TEAM = 8N7B9WP3WQ;
				INFOPLIST_FILE = SpotifyTestTests/Info.plist;
				LD_RUNPATH_SEARCH_PATHS = (
					"$(inherited)",
					"@executable_path/Frameworks",
					"@loader_path/Frameworks",
				);
				PRODUCT_BUNDLE_IDENTIFIER = edu.missouri.SpotifyTestTests;
				PRODUCT_NAME = "$(TARGET_NAME)";
				SWIFT_VERSION = 4.2;
				TARGETED_DEVICE_FAMILY = "1,2";
				TEST_HOST = "$(BUILT_PRODUCTS_DIR)/SpotifyTest.app/SpotifyTest";
			};
			name = Debug;
		};
		16C6CC8322ADAC5900F507D4 /* Release */ = {
			isa = XCBuildConfiguration;
			buildSettings = {
				ALWAYS_EMBED_SWIFT_STANDARD_LIBRARIES = YES;
				BUNDLE_LOADER = "$(TEST_HOST)";
				CODE_SIGN_STYLE = Automatic;
				DEVELOPMENT_TEAM = 8N7B9WP3WQ;
				INFOPLIST_FILE = SpotifyTestTests/Info.plist;
				LD_RUNPATH_SEARCH_PATHS = (
					"$(inherited)",
					"@executable_path/Frameworks",
					"@loader_path/Frameworks",
				);
				PRODUCT_BUNDLE_IDENTIFIER = edu.missouri.SpotifyTestTests;
				PRODUCT_NAME = "$(TARGET_NAME)";
				SWIFT_VERSION = 4.2;
				TARGETED_DEVICE_FAMILY = "1,2";
				TEST_HOST = "$(BUILT_PRODUCTS_DIR)/SpotifyTest.app/SpotifyTest";
			};
			name = Release;
		};
		16C6CC8522ADAC5900F507D4 /* Debug */ = {
			isa = XCBuildConfiguration;
			buildSettings = {
				ALWAYS_EMBED_SWIFT_STANDARD_LIBRARIES = YES;
				CODE_SIGN_STYLE = Automatic;
				DEVELOPMENT_TEAM = 8N7B9WP3WQ;
				INFOPLIST_FILE = SpotifyTestUITests/Info.plist;
				LD_RUNPATH_SEARCH_PATHS = (
					"$(inherited)",
					"@executable_path/Frameworks",
					"@loader_path/Frameworks",
				);
				PRODUCT_BUNDLE_IDENTIFIER = edu.missouri.SpotifyTestUITests;
				PRODUCT_NAME = "$(TARGET_NAME)";
				SWIFT_VERSION = 4.2;
				TARGETED_DEVICE_FAMILY = "1,2";
				TEST_TARGET_NAME = SpotifyTest;
			};
			name = Debug;
		};
		16C6CC8622ADAC5900F507D4 /* Release */ = {
			isa = XCBuildConfiguration;
			buildSettings = {
				ALWAYS_EMBED_SWIFT_STANDARD_LIBRARIES = YES;
				CODE_SIGN_STYLE = Automatic;
				DEVELOPMENT_TEAM = 8N7B9WP3WQ;
				INFOPLIST_FILE = SpotifyTestUITests/Info.plist;
				LD_RUNPATH_SEARCH_PATHS = (
					"$(inherited)",
					"@executable_path/Frameworks",
					"@loader_path/Frameworks",
				);
				PRODUCT_BUNDLE_IDENTIFIER = edu.missouri.SpotifyTestUITests;
				PRODUCT_NAME = "$(TARGET_NAME)";
				SWIFT_VERSION = 4.2;
				TARGETED_DEVICE_FAMILY = "1,2";
				TEST_TARGET_NAME = SpotifyTest;
			};
			name = Release;
		};
/* End XCBuildConfiguration section */

/* Begin XCConfigurationList section */
		16C6CC4E22ADAC5700F507D4 /* Build configuration list for PBXProject "SpotifyTest" */ = {
			isa = XCConfigurationList;
			buildConfigurations = (
				16C6CC7C22ADAC5900F507D4 /* Debug */,
				16C6CC7D22ADAC5900F507D4 /* Release */,
			);
			defaultConfigurationIsVisible = 0;
			defaultConfigurationName = Release;
		};
		16C6CC7E22ADAC5900F507D4 /* Build configuration list for PBXNativeTarget "SpotifyTest" */ = {
			isa = XCConfigurationList;
			buildConfigurations = (
				16C6CC7F22ADAC5900F507D4 /* Debug */,
				16C6CC8022ADAC5900F507D4 /* Release */,
			);
			defaultConfigurationIsVisible = 0;
			defaultConfigurationName = Release;
		};
		16C6CC8122ADAC5900F507D4 /* Build configuration list for PBXNativeTarget "SpotifyTestTests" */ = {
			isa = XCConfigurationList;
			buildConfigurations = (
				16C6CC8222ADAC5900F507D4 /* Debug */,
				16C6CC8322ADAC5900F507D4 /* Release */,
			);
			defaultConfigurationIsVisible = 0;
			defaultConfigurationName = Release;
		};
		16C6CC8422ADAC5900F507D4 /* Build configuration list for PBXNativeTarget "SpotifyTestUITests" */ = {
			isa = XCConfigurationList;
			buildConfigurations = (
				16C6CC8522ADAC5900F507D4 /* Debug */,
				16C6CC8622ADAC5900F507D4 /* Release */,
			);
			defaultConfigurationIsVisible = 0;
			defaultConfigurationName = Release;
		};
/* End XCConfigurationList section */

/* Begin XCVersionGroup section */
		16C6CC5D22ADAC5800F507D4 /* SpotifyTest.xcdatamodeld */ = {
			isa = XCVersionGroup;
			children = (
				16C6CC5E22ADAC5800F507D4 /* SpotifyTest.xcdatamodel */,
			);
			currentVersion = 16C6CC5E22ADAC5800F507D4 /* SpotifyTest.xcdatamodel */;
			path = SpotifyTest.xcdatamodeld;
			sourceTree = "<group>";
			versionGroupType = wrapper.xcdatamodel;
		};
/* End XCVersionGroup section */
	};
	rootObject = 16C6CC4B22ADAC5700F507D4 /* Project object */;
}
